
Microsoft Visual Studio Solution File, Format Version 12.00
# Visual Studio 15
Project("{FAE04EC0-301F-11D3-BF4B-00C04F79EFBC}") = "Assembly-CSharp", "Assembly-CSharp.csproj", "{F27552A4-F50A-B492-B416-7F15E07712EE}"
EndProject
Project("{FAE04EC0-301F-11D3-BF4B-00C04F79EFBC}") = "Assembly-CSharp-Editor", "Assembly-CSharp-Editor.csproj", "{2D6AFB06-4F26-8DF4-63EA-F403E44ACBEC}"
EndProject
Global
	GlobalSection(SolutionConfigurationPlatforms) = preSolution
		Debug|Any CPU = Debug|Any CPU
		Release|Any CPU = Release|Any CPU
	EndGlobalSection
	GlobalSection(ProjectConfigurationPlatforms) = postSolution
		{F27552A4-F50A-B492-B416-7F15E07712EE}.Debug|Any CPU.ActiveCfg = Debug|Any CPU
		{F27552A4-F50A-B492-B416-7F15E07712EE}.Debug|Any CPU.Build.0 = Debug|Any CPU
		{F27552A4-F50A-B492-B416-7F15E07712EE}.Release|Any CPU.ActiveCfg = Release|Any CPU
		{F27552A4-F50A-B492-B416-7F15E07712EE}.Release|Any CPU.Build.0 = Release|Any CPU
		{2D6AFB06-4F26-8DF4-63EA-F403E44ACBEC}.Debug|Any CPU.ActiveCfg = Debug|Any CPU
		{2D6AFB06-4F26-8DF4-63EA-F403E44ACBEC}.Debug|Any CPU.Build.0 = Debug|Any CPU
		{2D6AFB06-4F26-8DF4-63EA-F403E44ACBEC}.Release|Any CPU.ActiveCfg = Release|Any CPU
		{2D6AFB06-4F26-8DF4-63EA-F403E44ACBEC}.Release|Any CPU.Build.0 = Release|Any CPU
	EndGlobalSection
	GlobalSection(SolutionProperties) = preSolution
		HideSolutionNode = FALSE
	EndGlobalSection
EndGlobal
